
Microsoft Visual Studio Solution File, Format Version 12.00
# Visual Studio Version 17
VisualStudioVersion = 17.7.34031.279
MinimumVisualStudioVersion = 10.0.40219.1
Project("{FAE04EC0-301F-11D3-BF4B-00C04F79EFBC}") = "WebApplicationEmployeeCRUD", "WebApplicationEmployeeCRUD.csproj", "{9A35E76F-1EAB-4B14-BB50-D1A8DE68D3B6}"
EndProject
Global
	GlobalSection(SolutionConfigurationPlatforms) = preSolution
		Debug|Any CPU = Debug|Any CPU
		Release|Any CPU = Release|Any CPU
	EndGlobalSection
	GlobalSection(ProjectConfigurationPlatforms) = postSolution
		{9A35E76F-1EAB-4B14-BB50-D1A8DE68D3B6}.Debug|Any CPU.ActiveCfg = Debug|Any CPU
		{9A35E76F-1EAB-4B14-BB50-D1A8DE68D3B6}.Debug|Any CPU.Build.0 = Debug|Any CPU
		{9A35E76F-1EAB-4B14-BB50-D1A8DE68D3B6}.Release|Any CPU.ActiveCfg = Release|Any CPU
		{9A35E76F-1EAB-4B14-BB50-D1A8DE68D3B6}.Release|Any CPU.Build.0 = Release|Any CPU
	EndGlobalSection
	GlobalSection(SolutionProperties) = preSolution
		HideSolutionNode = FALSE
	EndGlobalSection
	GlobalSection(ExtensibilityGlobals) = postSolution
		SolutionGuid = {A5D51279-29AB-4852-B67D-27AA29A0CEE8}
	EndGlobalSection
EndGlobal
